
Microsoft Visual Studio Solution File, Format Version 12.00
# Visual Studio Version 17
VisualStudioVersion = 17.0.31903.59
MinimumVisualStudioVersion = 10.0.40219.1
Project("{FAE04EC0-301F-11D3-BF4B-00C04F79EFBC}") = "Fina.Api", "Fina.Api\Fina.Api.csproj", "{214549D5-34C9-450C-84FB-31A547B52665}"
EndProject
Project("{FAE04EC0-301F-11D3-BF4B-00C04F79EFBC}") = "Fina.Core", "Fina.Core\Fina.Core.csproj", "{8E1FCD2A-4C37-4A28-B2C0-49848464CB1F}"
EndProject
Project("{FAE04EC0-301F-11D3-BF4B-00C04F79EFBC}") = "Fina.Web", "Fina.Web\Fina.Web.csproj", "{5961A7E8-E0A0-4BB8-B2D7-B41462B9DA0A}"
EndProject
Global
	GlobalSection(SolutionConfigurationPlatforms) = preSolution
		Debug|Any CPU = Debug|Any CPU
		Release|Any CPU = Release|Any CPU
	EndGlobalSection
	GlobalSection(SolutionProperties) = preSolution
		HideSolutionNode = FALSE
	EndGlobalSection
	GlobalSection(ProjectConfigurationPlatforms) = postSolution
		{214549D5-34C9-450C-84FB-31A547B52665}.Debug|Any CPU.ActiveCfg = Debug|Any CPU
		{214549D5-34C9-450C-84FB-31A547B52665}.Debug|Any CPU.Build.0 = Debug|Any CPU
		{214549D5-34C9-450C-84FB-31A547B52665}.Release|Any CPU.ActiveCfg = Release|Any CPU
		{214549D5-34C9-450C-84FB-31A547B52665}.Release|Any CPU.Build.0 = Release|Any CPU
		{8E1FCD2A-4C37-4A28-B2C0-49848464CB1F}.Debug|Any CPU.ActiveCfg = Debug|Any CPU
		{8E1FCD2A-4C37-4A28-B2C0-49848464CB1F}.Debug|Any CPU.Build.0 = Debug|Any CPU
		{8E1FCD2A-4C37-4A28-B2C0-49848464CB1F}.Release|Any CPU.ActiveCfg = Release|Any CPU
		{8E1FCD2A-4C37-4A28-B2C0-49848464CB1F}.Release|Any CPU.Build.0 = Release|Any CPU
		{5961A7E8-E0A0-4BB8-B2D7-B41462B9DA0A}.Debug|Any CPU.ActiveCfg = Debug|Any CPU
		{5961A7E8-E0A0-4BB8-B2D7-B41462B9DA0A}.Debug|Any CPU.Build.0 = Debug|Any CPU
		{5961A7E8-E0A0-4BB8-B2D7-B41462B9DA0A}.Release|Any CPU.ActiveCfg = Release|Any CPU
		{5961A7E8-E0A0-4BB8-B2D7-B41462B9DA0A}.Release|Any CPU.Build.0 = Release|Any CPU
	EndGlobalSection
EndGlobal
